
Microsoft Visual Studio Solution File, Format Version 12.00
# Visual Studio Version 17
VisualStudioVersion = 17.3.32819.101
MinimumVisualStudioVersion = 10.0.40219.1
Project("{FAE04EC0-301F-11D3-BF4B-00C04F79EFBC}") = "Calculator", "WindowsFormsApp3\Calculator.csproj", "{FA9D30BB-F37C-4518-8250-D5DF9C9B88BF}"
EndProject
Global
	GlobalSection(SolutionConfigurationPlatforms) = preSolution
		Debug|Any CPU = Debug|Any CPU
		Release|Any CPU = Release|Any CPU
	EndGlobalSection
	GlobalSection(ProjectConfigurationPlatforms) = postSolution
		{FA9D30BB-F37C-4518-8250-D5DF9C9B88BF}.Debug|Any CPU.ActiveCfg = Debug|Any CPU
		{FA9D30BB-F37C-4518-8250-D5DF9C9B88BF}.Debug|Any CPU.Build.0 = Debug|Any CPU
		{FA9D30BB-F37C-4518-8250-D5DF9C9B88BF}.Release|Any CPU.ActiveCfg = Release|Any CPU
		{FA9D30BB-F37C-4518-8250-D5DF9C9B88BF}.Release|Any CPU.Build.0 = Release|Any CPU
	EndGlobalSection
	GlobalSection(SolutionProperties) = preSolution
		HideSolutionNode = FALSE
	EndGlobalSection
	GlobalSection(ExtensibilityGlobals) = postSolution
		SolutionGuid = {AADCC230-C2C0-48BF-9CFC-11AE619BE278}
	EndGlobalSection
EndGlobal
